// !$*UTF8*$!
{
	archiveVersion = 1;
	classes = {
	};
	objectVersion = 56;
	objects = {

/* Begin PBXBuildFile section */
		4F29FE602B97503000DB0C8E /* RecipesSkeletonCell.swift in Sources */ = {isa = PBXBuildFile; fileRef = 4F29FE5F2B97503000DB0C8E /* RecipesSkeletonCell.swift */; };
		4F29FE622B979CD800DB0C8E /* SkeletonTableViewCell.swift in Sources */ = {isa = PBXBuildFile; fileRef = 4F29FE612B979CD800DB0C8E /* SkeletonTableViewCell.swift */; };
		4F29FE642B98369400DB0C8E /* UIColor+Extension.swift in Sources */ = {isa = PBXBuildFile; fileRef = 4F29FE632B98369400DB0C8E /* UIColor+Extension.swift */; };
		4F29FE662B983A8B00DB0C8E /* UIFont+Extension.swift in Sources */ = {isa = PBXBuildFile; fileRef = 4F29FE652B983A8B00DB0C8E /* UIFont+Extension.swift */; };
		4F29FE682B98E80400DB0C8E /* RecipeListPresenter+Extension.swift in Sources */ = {isa = PBXBuildFile; fileRef = 4F29FE672B98E80400DB0C8E /* RecipeListPresenter+Extension.swift */; };
		4F29FE6A2B99E83E00DB0C8E /* UserDefaultsService.swift in Sources */ = {isa = PBXBuildFile; fileRef = 4F29FE692B99E83E00DB0C8E /* UserDefaultsService.swift */; };
		4F29FE772BA0CB9500DB0C8E /* NetworkService.swift in Sources */ = {isa = PBXBuildFile; fileRef = 4F29FE762BA0CB9500DB0C8E /* NetworkService.swift */; };
		4F29FE7C2BA1DBE000DB0C8E /* ShortRecipe.swift in Sources */ = {isa = PBXBuildFile; fileRef = 4F29FE7B2BA1DBE000DB0C8E /* ShortRecipe.swift */; };
		4F29FE7E2BA1DC0600DB0C8E /* FullRecipe.swift in Sources */ = {isa = PBXBuildFile; fileRef = 4F29FE7D2BA1DC0500DB0C8E /* FullRecipe.swift */; };
		4F29FE802BA1DC6300DB0C8E /* HitsDTO.swift in Sources */ = {isa = PBXBuildFile; fileRef = 4F29FE7F2BA1DC6300DB0C8E /* HitsDTO.swift */; };
		4F29FE822BA1DC7600DB0C8E /* HitDTO.swift in Sources */ = {isa = PBXBuildFile; fileRef = 4F29FE812BA1DC7600DB0C8E /* HitDTO.swift */; };
		4F29FE842BA1DC8F00DB0C8E /* RecipeDTO.swift in Sources */ = {isa = PBXBuildFile; fileRef = 4F29FE832BA1DC8F00DB0C8E /* RecipeDTO.swift */; };
		4F29FE862BA1DCAA00DB0C8E /* DigestDTO.swift in Sources */ = {isa = PBXBuildFile; fileRef = 4F29FE852BA1DCAA00DB0C8E /* DigestDTO.swift */; };
		4F29FE882BA1DCCF00DB0C8E /* LabelDTO.swift in Sources */ = {isa = PBXBuildFile; fileRef = 4F29FE872BA1DCCF00DB0C8E /* LabelDTO.swift */; };
		4F29FE8A2BA1DCEB00DB0C8E /* UnitDTO.swift in Sources */ = {isa = PBXBuildFile; fileRef = 4F29FE892BA1DCEB00DB0C8E /* UnitDTO.swift */; };
		4F29FE8C2BA1DD2100DB0C8E /* DishType.swift in Sources */ = {isa = PBXBuildFile; fileRef = 4F29FE8B2BA1DD2100DB0C8E /* DishType.swift */; };
		4F29FE8E2BA1DD8400DB0C8E /* ImageDTO.swift in Sources */ = {isa = PBXBuildFile; fileRef = 4F29FE8D2BA1DD8400DB0C8E /* ImageDTO.swift */; };
		4F29FE902BA1DDFD00DB0C8E /* IngredientDTO.swift in Sources */ = {isa = PBXBuildFile; fileRef = 4F29FE8F2BA1DDFD00DB0C8E /* IngredientDTO.swift */; };
		4F29FE922BA1DE1600DB0C8E /* TotalDTO.swift in Sources */ = {isa = PBXBuildFile; fileRef = 4F29FE912BA1DE1600DB0C8E /* TotalDTO.swift */; };
		4F29FE942BA1DE3D00DB0C8E /* NutrientsDTO.swift in Sources */ = {isa = PBXBuildFile; fileRef = 4F29FE932BA1DE3D00DB0C8E /* NutrientsDTO.swift */; };
		4F29FE972BA23E1300DB0C8E /* URLSession+Extension.swift in Sources */ = {isa = PBXBuildFile; fileRef = 4F29FE962BA23E1300DB0C8E /* URLSession+Extension.swift */; };
		4F29FE992BA2417000DB0C8E /* ResultDecoder.swift in Sources */ = {isa = PBXBuildFile; fileRef = 4F29FE982BA2417000DB0C8E /* ResultDecoder.swift */; };
		4F29FE9B2BA25EC500DB0C8E /* NetworkService+Extension.swift in Sources */ = {isa = PBXBuildFile; fileRef = 4F29FE9A2BA25EC500DB0C8E /* NetworkService+Extension.swift */; };
		4F29FE9D2BA2FA2200DB0C8E /* State.swift in Sources */ = {isa = PBXBuildFile; fileRef = 4F29FE9C2BA2FA2200DB0C8E /* State.swift */; };
		4F29FE9F2BA381C300DB0C8E /* UIImageView+Extension.swift in Sources */ = {isa = PBXBuildFile; fileRef = 4F29FE9E2BA381C300DB0C8E /* UIImageView+Extension.swift */; };
		4F29FEA12BA3AAA700DB0C8E /* Proxy.swift in Sources */ = {isa = PBXBuildFile; fileRef = 4F29FEA02BA3AAA700DB0C8E /* Proxy.swift */; };
		4F29FEA32BA3AD4A00DB0C8E /* ErrorView.swift in Sources */ = {isa = PBXBuildFile; fileRef = 4F29FEA22BA3AD4A00DB0C8E /* ErrorView.swift */; };
		4F29FEA52BA3CD3F00DB0C8E /* CacheService.swift in Sources */ = {isa = PBXBuildFile; fileRef = 4F29FEA42BA3CD3F00DB0C8E /* CacheService.swift */; };
		4F29FEA72BA3E44000DB0C8E /* ErrorTableViewCell.swift in Sources */ = {isa = PBXBuildFile; fileRef = 4F29FEA62BA3E44000DB0C8E /* ErrorTableViewCell.swift */; };
		4F29FEA92BA462C000DB0C8E /* EmptyResultView.swift in Sources */ = {isa = PBXBuildFile; fileRef = 4F29FEA82BA462C000DB0C8E /* EmptyResultView.swift */; };
		4F29FEAB2BA46E2C00DB0C8E /* EmptyResultTableViewCell.swift in Sources */ = {isa = PBXBuildFile; fileRef = 4F29FEAA2BA46E2C00DB0C8E /* EmptyResultTableViewCell.swift */; };
		4F9AB0462B8E1821000544DD /* FavoritesPresenter.swift in Sources */ = {isa = PBXBuildFile; fileRef = 4F9AB0452B8E1821000544DD /* FavoritesPresenter.swift */; };
		4F9AB0482B8E184C000544DD /* FavoritesViewController.swift in Sources */ = {isa = PBXBuildFile; fileRef = 4F9AB0472B8E184C000544DD /* FavoritesViewController.swift */; };
		4F9AB04A2B8E18CE000544DD /* FavoritesCoordinator.swift in Sources */ = {isa = PBXBuildFile; fileRef = 4F9AB0492B8E18CE000544DD /* FavoritesCoordinator.swift */; };
		4F9AB04D2B8E199E000544DD /* FavoritesModel.swift in Sources */ = {isa = PBXBuildFile; fileRef = 4F9AB04C2B8E199E000544DD /* FavoritesModel.swift */; };
		4F9AB0502B8E641A000544DD /* HeaderTableViewCell.swift in Sources */ = {isa = PBXBuildFile; fileRef = 4F9AB04F2B8E641A000544DD /* HeaderTableViewCell.swift */; };
		4F9AB0532B8E809C000544DD /* OptionsTableViewCell.swift in Sources */ = {isa = PBXBuildFile; fileRef = 4F9AB0522B8E809C000544DD /* OptionsTableViewCell.swift */; };
		4F9AB0552B8EB9C5000544DD /* BonusesViewController.swift in Sources */ = {isa = PBXBuildFile; fileRef = 4F9AB0542B8EB9C5000544DD /* BonusesViewController.swift */; };
		4FB15BE82B8EC23400FA2EFA /* BonusesPresenter.swift in Sources */ = {isa = PBXBuildFile; fileRef = 4FB15BE72B8EC23400FA2EFA /* BonusesPresenter.swift */; };
		4FB15BF02B90C5F500FA2EFA /* RecipeListView.swift in Sources */ = {isa = PBXBuildFile; fileRef = 4FB15BEF2B90C5F500FA2EFA /* RecipeListView.swift */; };
		4FB15BF52B90C7F700FA2EFA /* RecipeListPresenter.swift in Sources */ = {isa = PBXBuildFile; fileRef = 4FB15BF42B90C7F700FA2EFA /* RecipeListPresenter.swift */; };
		4FB15BF72B90C80300FA2EFA /* RecipeListModel.swift in Sources */ = {isa = PBXBuildFile; fileRef = 4FB15BF62B90C80300FA2EFA /* RecipeListModel.swift */; };
		4FB15BF92B90D7DE00FA2EFA /* RecipeTableViewCell.swift in Sources */ = {isa = PBXBuildFile; fileRef = 4FB15BF82B90D7DE00FA2EFA /* RecipeTableViewCell.swift */; };
		4FB15BFB2B911D4400FA2EFA /* UIControl FilterButton.swift in Sources */ = {isa = PBXBuildFile; fileRef = 4FB15BFA2B911D4400FA2EFA /* UIControl FilterButton.swift */; };
		4FB15BFD2B91BD9700FA2EFA /* RecipesPresenter.swift in Sources */ = {isa = PBXBuildFile; fileRef = 4FB15BFC2B91BD9700FA2EFA /* RecipesPresenter.swift */; };
		4FB15BFF2B91BDB400FA2EFA /* RecipesViewController.swift in Sources */ = {isa = PBXBuildFile; fileRef = 4FB15BFE2B91BDB400FA2EFA /* RecipesViewController.swift */; };
		4FE755912B8D036100C67B8A /* AppDelegate.swift in Sources */ = {isa = PBXBuildFile; fileRef = 4FE755902B8D036100C67B8A /* AppDelegate.swift */; };
		4FE755932B8D036100C67B8A /* SceneDelegate.swift in Sources */ = {isa = PBXBuildFile; fileRef = 4FE755922B8D036100C67B8A /* SceneDelegate.swift */; };
		4FE755952B8D036100C67B8A /* AuthViewController.swift in Sources */ = {isa = PBXBuildFile; fileRef = 4FE755942B8D036100C67B8A /* AuthViewController.swift */; };
		4FE7559A2B8D036300C67B8A /* Assets.xcassets in Resources */ = {isa = PBXBuildFile; fileRef = 4FE755992B8D036300C67B8A /* Assets.xcassets */; };
		4FE7559D2B8D036300C67B8A /* LaunchScreen.storyboard in Resources */ = {isa = PBXBuildFile; fileRef = 4FE7559B2B8D036300C67B8A /* LaunchScreen.storyboard */; };
		4FE755A92B8D07DE00C67B8A /* TabBarController.swift in Sources */ = {isa = PBXBuildFile; fileRef = 4FE755A82B8D07DE00C67B8A /* TabBarController.swift */; };
		4FE755AC2B8D089F00C67B8A /* AuthModel.swift in Sources */ = {isa = PBXBuildFile; fileRef = 4FE755AB2B8D089F00C67B8A /* AuthModel.swift */; };
		4FE755AE2B8D08AC00C67B8A /* AuthPresenter.swift in Sources */ = {isa = PBXBuildFile; fileRef = 4FE755AD2B8D08AC00C67B8A /* AuthPresenter.swift */; };
		4FE755B02B8D091400C67B8A /* ProfileViewController.swift in Sources */ = {isa = PBXBuildFile; fileRef = 4FE755AF2B8D091400C67B8A /* ProfileViewController.swift */; };
		4FE755B32B8D09BD00C67B8A /* ProfileModel.swift in Sources */ = {isa = PBXBuildFile; fileRef = 4FE755B22B8D09BD00C67B8A /* ProfileModel.swift */; };
		4FE755B52B8D09CD00C67B8A /* ProfilePresenter.swift in Sources */ = {isa = PBXBuildFile; fileRef = 4FE755B42B8D09CC00C67B8A /* ProfilePresenter.swift */; };
		4FE755DC2B8D43F900C67B8A /* BaseCoordinator.swift in Sources */ = {isa = PBXBuildFile; fileRef = 4FE755DB2B8D43F900C67B8A /* BaseCoordinator.swift */; };
		4FE755DF2B8D5B4700C67B8A /* AppCoordinator.swift in Sources */ = {isa = PBXBuildFile; fileRef = 4FE755DE2B8D5B4700C67B8A /* AppCoordinator.swift */; };
		4FE755E12B8D5EFB00C67B8A /* AppBuilder.swift in Sources */ = {isa = PBXBuildFile; fileRef = 4FE755E02B8D5EFB00C67B8A /* AppBuilder.swift */; };
		4FE755ED2B8D63EF00C67B8A /* AuthCoordinator.swift in Sources */ = {isa = PBXBuildFile; fileRef = 4FE755EC2B8D63EF00C67B8A /* AuthCoordinator.swift */; };
		4FE755EF2B8D6D6E00C67B8A /* ProfileCoordinator.swift in Sources */ = {isa = PBXBuildFile; fileRef = 4FE755EE2B8D6D6E00C67B8A /* ProfileCoordinator.swift */; };
		4FE755F12B8D733100C67B8A /* RecipesCoordinator.swift in Sources */ = {isa = PBXBuildFile; fileRef = 4FE755F02B8D733100C67B8A /* RecipesCoordinator.swift */; };
		6F5B0A322B9AF5DB00F138AF /* Command.swift in Sources */ = {isa = PBXBuildFile; fileRef = 6F5B0A312B9AF5DB00F138AF /* Command.swift */; };
		6F5B0A342B9AF5E100F138AF /* Receiver.swift in Sources */ = {isa = PBXBuildFile; fileRef = 6F5B0A332B9AF5E100F138AF /* Receiver.swift */; };
		6F5B0A362B9AF5E400F138AF /* LoggerManager.swift in Sources */ = {isa = PBXBuildFile; fileRef = 6F5B0A352B9AF5E400F138AF /* LoggerManager.swift */; };
		6F5B0A382B9AF5E700F138AF /* Invoker.swift in Sources */ = {isa = PBXBuildFile; fileRef = 6F5B0A372B9AF5E700F138AF /* Invoker.swift */; };
		6F5B0A3A2B9AF5EE00F138AF /* LogAction.swift in Sources */ = {isa = PBXBuildFile; fileRef = 6F5B0A392B9AF5EE00F138AF /* LogAction.swift */; };
		6F5B0A822B9CE75800F138AF /* FavoriteService.swift in Sources */ = {isa = PBXBuildFile; fileRef = 6F5B0A812B9CE75800F138AF /* FavoriteService.swift */; };
		6FC9607E2B961360002717A1 /* TermsOfUseView.swift in Sources */ = {isa = PBXBuildFile; fileRef = 6FC9607D2B961360002717A1 /* TermsOfUseView.swift */; };
		6FC960802B9613AC002717A1 /* TermsOfUsePresenter.swift in Sources */ = {isa = PBXBuildFile; fileRef = 6FC9607F2B9613AC002717A1 /* TermsOfUsePresenter.swift */; };
		6FD556382B90BCF400630E17 /* RecipesCustomCell.swift in Sources */ = {isa = PBXBuildFile; fileRef = 6FD556372B90BCF400630E17 /* RecipesCustomCell.swift */; };
		6FD5563A2B91020B00630E17 /* RecipesCategories.swift in Sources */ = {isa = PBXBuildFile; fileRef = 6FD556392B91020B00630E17 /* RecipesCategories.swift */; };
		6FD5563C2B91284200630E17 /* InformationSource.swift in Sources */ = {isa = PBXBuildFile; fileRef = 6FD5563B2B91284200630E17 /* InformationSource.swift */; };
		6FD5563E2B91289100630E17 /* DishCategory.swift in Sources */ = {isa = PBXBuildFile; fileRef = 6FD5563D2B91289100630E17 /* DishCategory.swift */; };
		6FEE418F2B933982000EDE80 /* RecipeDetailView.swift in Sources */ = {isa = PBXBuildFile; fileRef = 6FEE418E2B933982000EDE80 /* RecipeDetailView.swift */; };
		6FEE41912B934456000EDE80 /* RecipeDetailPresenter.swift in Sources */ = {isa = PBXBuildFile; fileRef = 6FEE41902B934456000EDE80 /* RecipeDetailPresenter.swift */; };
		6FEE41932B9385E8000EDE80 /* TitleTableViewCell.swift in Sources */ = {isa = PBXBuildFile; fileRef = 6FEE41922B9385E8000EDE80 /* TitleTableViewCell.swift */; };
		6FEE41952B938792000EDE80 /* CharacteristicsTableViewCell.swift in Sources */ = {isa = PBXBuildFile; fileRef = 6FEE41942B938792000EDE80 /* CharacteristicsTableViewCell.swift */; };
		6FEE41972B9388F9000EDE80 /* FullDescriptionTableViewCell.swift in Sources */ = {isa = PBXBuildFile; fileRef = 6FEE41962B9388F9000EDE80 /* FullDescriptionTableViewCell.swift */; };
/* End PBXBuildFile section */

/* Begin PBXFileReference section */
		4F29FE5F2B97503000DB0C8E /* RecipesSkeletonCell.swift */ = {isa = PBXFileReference; lastKnownFileType = sourcecode.swift; path = RecipesSkeletonCell.swift; sourceTree = "<group>"; };
		4F29FE612B979CD800DB0C8E /* SkeletonTableViewCell.swift */ = {isa = PBXFileReference; lastKnownFileType = sourcecode.swift; path = SkeletonTableViewCell.swift; sourceTree = "<group>"; };
		4F29FE632B98369400DB0C8E /* UIColor+Extension.swift */ = {isa = PBXFileReference; lastKnownFileType = sourcecode.swift; path = "UIColor+Extension.swift"; sourceTree = "<group>"; };
		4F29FE652B983A8B00DB0C8E /* UIFont+Extension.swift */ = {isa = PBXFileReference; lastKnownFileType = sourcecode.swift; path = "UIFont+Extension.swift"; sourceTree = "<group>"; };
		4F29FE672B98E80400DB0C8E /* RecipeListPresenter+Extension.swift */ = {isa = PBXFileReference; lastKnownFileType = sourcecode.swift; path = "RecipeListPresenter+Extension.swift"; sourceTree = "<group>"; };
		4F29FE692B99E83E00DB0C8E /* UserDefaultsService.swift */ = {isa = PBXFileReference; lastKnownFileType = sourcecode.swift; path = UserDefaultsService.swift; sourceTree = "<group>"; };
		4F29FE762BA0CB9500DB0C8E /* NetworkService.swift */ = {isa = PBXFileReference; lastKnownFileType = sourcecode.swift; path = NetworkService.swift; sourceTree = "<group>"; };
		4F29FE7B2BA1DBE000DB0C8E /* ShortRecipe.swift */ = {isa = PBXFileReference; lastKnownFileType = sourcecode.swift; name = ShortRecipe.swift; path = "Network Service Layer/ShortRecipe.swift"; sourceTree = "<group>"; };
		4F29FE7D2BA1DC0500DB0C8E /* FullRecipe.swift */ = {isa = PBXFileReference; lastKnownFileType = sourcecode.swift; path = FullRecipe.swift; sourceTree = "<group>"; };
		4F29FE7F2BA1DC6300DB0C8E /* HitsDTO.swift */ = {isa = PBXFileReference; lastKnownFileType = sourcecode.swift; path = HitsDTO.swift; sourceTree = SOURCE_ROOT; };
		4F29FE812BA1DC7600DB0C8E /* HitDTO.swift */ = {isa = PBXFileReference; lastKnownFileType = sourcecode.swift; path = HitDTO.swift; sourceTree = "<group>"; };
		4F29FE832BA1DC8F00DB0C8E /* RecipeDTO.swift */ = {isa = PBXFileReference; lastKnownFileType = sourcecode.swift; path = RecipeDTO.swift; sourceTree = "<group>"; };
		4F29FE852BA1DCAA00DB0C8E /* DigestDTO.swift */ = {isa = PBXFileReference; lastKnownFileType = sourcecode.swift; path = DigestDTO.swift; sourceTree = "<group>"; };
		4F29FE872BA1DCCF00DB0C8E /* LabelDTO.swift */ = {isa = PBXFileReference; lastKnownFileType = sourcecode.swift; path = LabelDTO.swift; sourceTree = "<group>"; };
		4F29FE892BA1DCEB00DB0C8E /* UnitDTO.swift */ = {isa = PBXFileReference; lastKnownFileType = sourcecode.swift; path = UnitDTO.swift; sourceTree = "<group>"; };
		4F29FE8B2BA1DD2100DB0C8E /* DishType.swift */ = {isa = PBXFileReference; lastKnownFileType = sourcecode.swift; path = DishType.swift; sourceTree = "<group>"; };
		4F29FE8D2BA1DD8400DB0C8E /* ImageDTO.swift */ = {isa = PBXFileReference; lastKnownFileType = sourcecode.swift; path = ImageDTO.swift; sourceTree = "<group>"; };
		4F29FE8F2BA1DDFD00DB0C8E /* IngredientDTO.swift */ = {isa = PBXFileReference; lastKnownFileType = sourcecode.swift; path = IngredientDTO.swift; sourceTree = "<group>"; };
		4F29FE912BA1DE1600DB0C8E /* TotalDTO.swift */ = {isa = PBXFileReference; lastKnownFileType = sourcecode.swift; path = TotalDTO.swift; sourceTree = "<group>"; };
		4F29FE932BA1DE3D00DB0C8E /* NutrientsDTO.swift */ = {isa = PBXFileReference; lastKnownFileType = sourcecode.swift; path = NutrientsDTO.swift; sourceTree = "<group>"; };
		4F29FE962BA23E1300DB0C8E /* URLSession+Extension.swift */ = {isa = PBXFileReference; lastKnownFileType = sourcecode.swift; path = "URLSession+Extension.swift"; sourceTree = "<group>"; };
		4F29FE982BA2417000DB0C8E /* ResultDecoder.swift */ = {isa = PBXFileReference; lastKnownFileType = sourcecode.swift; path = ResultDecoder.swift; sourceTree = "<group>"; };
		4F29FE9A2BA25EC500DB0C8E /* NetworkService+Extension.swift */ = {isa = PBXFileReference; lastKnownFileType = sourcecode.swift; path = "NetworkService+Extension.swift"; sourceTree = "<group>"; };
		4F29FE9C2BA2FA2200DB0C8E /* State.swift */ = {isa = PBXFileReference; lastKnownFileType = sourcecode.swift; path = State.swift; sourceTree = "<group>"; };
		4F29FE9E2BA381C300DB0C8E /* UIImageView+Extension.swift */ = {isa = PBXFileReference; lastKnownFileType = sourcecode.swift; path = "UIImageView+Extension.swift"; sourceTree = "<group>"; };
		4F29FEA02BA3AAA700DB0C8E /* Proxy.swift */ = {isa = PBXFileReference; lastKnownFileType = sourcecode.swift; name = Proxy.swift; path = RMv4_Recipely/Recipes/Detail/Proxy.swift; sourceTree = SOURCE_ROOT; };
		4F29FEA22BA3AD4A00DB0C8E /* ErrorView.swift */ = {isa = PBXFileReference; lastKnownFileType = sourcecode.swift; path = ErrorView.swift; sourceTree = "<group>"; };
		4F29FEA42BA3CD3F00DB0C8E /* CacheService.swift */ = {isa = PBXFileReference; lastKnownFileType = sourcecode.swift; name = CacheService.swift; path = "Network Service Layer/CacheService.swift"; sourceTree = "<group>"; };
		4F29FEA62BA3E44000DB0C8E /* ErrorTableViewCell.swift */ = {isa = PBXFileReference; lastKnownFileType = sourcecode.swift; path = ErrorTableViewCell.swift; sourceTree = "<group>"; };
		4F29FEA82BA462C000DB0C8E /* EmptyResultView.swift */ = {isa = PBXFileReference; lastKnownFileType = sourcecode.swift; path = EmptyResultView.swift; sourceTree = "<group>"; };
		4F29FEAA2BA46E2C00DB0C8E /* EmptyResultTableViewCell.swift */ = {isa = PBXFileReference; lastKnownFileType = sourcecode.swift; path = EmptyResultTableViewCell.swift; sourceTree = "<group>"; };
		4F9AB0452B8E1821000544DD /* FavoritesPresenter.swift */ = {isa = PBXFileReference; lastKnownFileType = sourcecode.swift; path = FavoritesPresenter.swift; sourceTree = "<group>"; };
		4F9AB0472B8E184C000544DD /* FavoritesViewController.swift */ = {isa = PBXFileReference; lastKnownFileType = sourcecode.swift; path = FavoritesViewController.swift; sourceTree = "<group>"; };
		4F9AB0492B8E18CE000544DD /* FavoritesCoordinator.swift */ = {isa = PBXFileReference; lastKnownFileType = sourcecode.swift; path = FavoritesCoordinator.swift; sourceTree = "<group>"; };
		4F9AB04C2B8E199E000544DD /* FavoritesModel.swift */ = {isa = PBXFileReference; lastKnownFileType = sourcecode.swift; path = FavoritesModel.swift; sourceTree = "<group>"; };
		4F9AB04F2B8E641A000544DD /* HeaderTableViewCell.swift */ = {isa = PBXFileReference; lastKnownFileType = sourcecode.swift; path = HeaderTableViewCell.swift; sourceTree = "<group>"; };
		4F9AB0522B8E809C000544DD /* OptionsTableViewCell.swift */ = {isa = PBXFileReference; lastKnownFileType = sourcecode.swift; path = OptionsTableViewCell.swift; sourceTree = "<group>"; };
		4F9AB0542B8EB9C5000544DD /* BonusesViewController.swift */ = {isa = PBXFileReference; lastKnownFileType = sourcecode.swift; path = BonusesViewController.swift; sourceTree = "<group>"; };
		4FB15BE72B8EC23400FA2EFA /* BonusesPresenter.swift */ = {isa = PBXFileReference; lastKnownFileType = sourcecode.swift; path = BonusesPresenter.swift; sourceTree = "<group>"; };
		4FB15BEF2B90C5F500FA2EFA /* RecipeListView.swift */ = {isa = PBXFileReference; lastKnownFileType = sourcecode.swift; path = RecipeListView.swift; sourceTree = "<group>"; };
		4FB15BF42B90C7F700FA2EFA /* RecipeListPresenter.swift */ = {isa = PBXFileReference; lastKnownFileType = sourcecode.swift; path = RecipeListPresenter.swift; sourceTree = "<group>"; };
		4FB15BF62B90C80300FA2EFA /* RecipeListModel.swift */ = {isa = PBXFileReference; lastKnownFileType = sourcecode.swift; path = RecipeListModel.swift; sourceTree = "<group>"; };
		4FB15BF82B90D7DE00FA2EFA /* RecipeTableViewCell.swift */ = {isa = PBXFileReference; lastKnownFileType = sourcecode.swift; path = RecipeTableViewCell.swift; sourceTree = "<group>"; };
		4FB15BFA2B911D4400FA2EFA /* UIControl FilterButton.swift */ = {isa = PBXFileReference; lastKnownFileType = sourcecode.swift; path = "UIControl FilterButton.swift"; sourceTree = "<group>"; };
		4FB15BFC2B91BD9700FA2EFA /* RecipesPresenter.swift */ = {isa = PBXFileReference; fileEncoding = 4; lastKnownFileType = sourcecode.swift; name = RecipesPresenter.swift; path = "All Recipes Module/RecipesPresenter.swift"; sourceTree = "<group>"; };
		4FB15BFE2B91BDB400FA2EFA /* RecipesViewController.swift */ = {isa = PBXFileReference; fileEncoding = 4; lastKnownFileType = sourcecode.swift; name = RecipesViewController.swift; path = "All Recipes Module/RecipesViewController.swift"; sourceTree = "<group>"; };
		4FE7558D2B8D036100C67B8A /* RMv4_Recipely.app */ = {isa = PBXFileReference; explicitFileType = wrapper.application; includeInIndex = 0; path = RMv4_Recipely.app; sourceTree = BUILT_PRODUCTS_DIR; };
		4FE755902B8D036100C67B8A /* AppDelegate.swift */ = {isa = PBXFileReference; lastKnownFileType = sourcecode.swift; path = AppDelegate.swift; sourceTree = "<group>"; };
		4FE755922B8D036100C67B8A /* SceneDelegate.swift */ = {isa = PBXFileReference; lastKnownFileType = sourcecode.swift; path = SceneDelegate.swift; sourceTree = "<group>"; };
		4FE755942B8D036100C67B8A /* AuthViewController.swift */ = {isa = PBXFileReference; lastKnownFileType = sourcecode.swift; path = AuthViewController.swift; sourceTree = "<group>"; };
		4FE755992B8D036300C67B8A /* Assets.xcassets */ = {isa = PBXFileReference; lastKnownFileType = folder.assetcatalog; path = Assets.xcassets; sourceTree = "<group>"; };
		4FE7559C2B8D036300C67B8A /* Base */ = {isa = PBXFileReference; lastKnownFileType = file.storyboard; name = Base; path = Base.lproj/LaunchScreen.storyboard; sourceTree = "<group>"; };
		4FE7559E2B8D036300C67B8A /* Info.plist */ = {isa = PBXFileReference; lastKnownFileType = text.plist.xml; path = Info.plist; sourceTree = "<group>"; };
		4FE755A82B8D07DE00C67B8A /* TabBarController.swift */ = {isa = PBXFileReference; lastKnownFileType = sourcecode.swift; path = TabBarController.swift; sourceTree = "<group>"; };
		4FE755AB2B8D089F00C67B8A /* AuthModel.swift */ = {isa = PBXFileReference; lastKnownFileType = sourcecode.swift; path = AuthModel.swift; sourceTree = "<group>"; };
		4FE755AD2B8D08AC00C67B8A /* AuthPresenter.swift */ = {isa = PBXFileReference; lastKnownFileType = sourcecode.swift; path = AuthPresenter.swift; sourceTree = "<group>"; };
		4FE755AF2B8D091400C67B8A /* ProfileViewController.swift */ = {isa = PBXFileReference; lastKnownFileType = sourcecode.swift; path = ProfileViewController.swift; sourceTree = "<group>"; };
		4FE755B22B8D09BD00C67B8A /* ProfileModel.swift */ = {isa = PBXFileReference; lastKnownFileType = sourcecode.swift; path = ProfileModel.swift; sourceTree = "<group>"; };
		4FE755B42B8D09CC00C67B8A /* ProfilePresenter.swift */ = {isa = PBXFileReference; lastKnownFileType = sourcecode.swift; path = ProfilePresenter.swift; sourceTree = "<group>"; };
		4FE755DB2B8D43F900C67B8A /* BaseCoordinator.swift */ = {isa = PBXFileReference; lastKnownFileType = sourcecode.swift; path = BaseCoordinator.swift; sourceTree = "<group>"; };
		4FE755DE2B8D5B4700C67B8A /* AppCoordinator.swift */ = {isa = PBXFileReference; lastKnownFileType = sourcecode.swift; path = AppCoordinator.swift; sourceTree = "<group>"; };
		4FE755E02B8D5EFB00C67B8A /* AppBuilder.swift */ = {isa = PBXFileReference; lastKnownFileType = sourcecode.swift; path = AppBuilder.swift; sourceTree = "<group>"; };
		4FE755EC2B8D63EF00C67B8A /* AuthCoordinator.swift */ = {isa = PBXFileReference; lastKnownFileType = sourcecode.swift; name = AuthCoordinator.swift; path = RMv4_Recipely/Coordinators/AuthCoordinator.swift; sourceTree = SOURCE_ROOT; };
		4FE755EE2B8D6D6E00C67B8A /* ProfileCoordinator.swift */ = {isa = PBXFileReference; lastKnownFileType = sourcecode.swift; path = ProfileCoordinator.swift; sourceTree = "<group>"; };
		4FE755F02B8D733100C67B8A /* RecipesCoordinator.swift */ = {isa = PBXFileReference; lastKnownFileType = sourcecode.swift; path = RecipesCoordinator.swift; sourceTree = "<group>"; };
		6F5B0A312B9AF5DB00F138AF /* Command.swift */ = {isa = PBXFileReference; lastKnownFileType = sourcecode.swift; path = Command.swift; sourceTree = "<group>"; };
		6F5B0A332B9AF5E100F138AF /* Receiver.swift */ = {isa = PBXFileReference; lastKnownFileType = sourcecode.swift; path = Receiver.swift; sourceTree = "<group>"; };
		6F5B0A352B9AF5E400F138AF /* LoggerManager.swift */ = {isa = PBXFileReference; lastKnownFileType = sourcecode.swift; path = LoggerManager.swift; sourceTree = "<group>"; };
		6F5B0A372B9AF5E700F138AF /* Invoker.swift */ = {isa = PBXFileReference; lastKnownFileType = sourcecode.swift; path = Invoker.swift; sourceTree = "<group>"; };
		6F5B0A392B9AF5EE00F138AF /* LogAction.swift */ = {isa = PBXFileReference; lastKnownFileType = sourcecode.swift; path = LogAction.swift; sourceTree = "<group>"; };
		6F5B0A812B9CE75800F138AF /* FavoriteService.swift */ = {isa = PBXFileReference; lastKnownFileType = sourcecode.swift; path = FavoriteService.swift; sourceTree = "<group>"; };
		6FC9607D2B961360002717A1 /* TermsOfUseView.swift */ = {isa = PBXFileReference; lastKnownFileType = sourcecode.swift; path = TermsOfUseView.swift; sourceTree = "<group>"; };
		6FC9607F2B9613AC002717A1 /* TermsOfUsePresenter.swift */ = {isa = PBXFileReference; lastKnownFileType = sourcecode.swift; path = TermsOfUsePresenter.swift; sourceTree = "<group>"; };
		6FD556372B90BCF400630E17 /* RecipesCustomCell.swift */ = {isa = PBXFileReference; lastKnownFileType = sourcecode.swift; path = RecipesCustomCell.swift; sourceTree = "<group>"; };
		6FD556392B91020B00630E17 /* RecipesCategories.swift */ = {isa = PBXFileReference; lastKnownFileType = sourcecode.swift; path = RecipesCategories.swift; sourceTree = "<group>"; };
		6FD5563B2B91284200630E17 /* InformationSource.swift */ = {isa = PBXFileReference; lastKnownFileType = sourcecode.swift; path = InformationSource.swift; sourceTree = "<group>"; };
		6FD5563D2B91289100630E17 /* DishCategory.swift */ = {isa = PBXFileReference; lastKnownFileType = sourcecode.swift; path = DishCategory.swift; sourceTree = "<group>"; };
		6FEE418E2B933982000EDE80 /* RecipeDetailView.swift */ = {isa = PBXFileReference; lastKnownFileType = sourcecode.swift; path = RecipeDetailView.swift; sourceTree = "<group>"; };
		6FEE41902B934456000EDE80 /* RecipeDetailPresenter.swift */ = {isa = PBXFileReference; lastKnownFileType = sourcecode.swift; path = RecipeDetailPresenter.swift; sourceTree = "<group>"; };
		6FEE41922B9385E8000EDE80 /* TitleTableViewCell.swift */ = {isa = PBXFileReference; lastKnownFileType = sourcecode.swift; path = TitleTableViewCell.swift; sourceTree = "<group>"; };
		6FEE41942B938792000EDE80 /* CharacteristicsTableViewCell.swift */ = {isa = PBXFileReference; lastKnownFileType = sourcecode.swift; path = CharacteristicsTableViewCell.swift; sourceTree = "<group>"; };
		6FEE41962B9388F9000EDE80 /* FullDescriptionTableViewCell.swift */ = {isa = PBXFileReference; lastKnownFileType = sourcecode.swift; path = FullDescriptionTableViewCell.swift; sourceTree = "<group>"; };
/* End PBXFileReference section */

/* Begin PBXFrameworksBuildPhase section */
		4FE7558A2B8D036100C67B8A /* Frameworks */ = {
			isa = PBXFrameworksBuildPhase;
			buildActionMask = 2147483647;
			files = (
			);
			runOnlyForDeploymentPostprocessing = 0;
		};
/* End PBXFrameworksBuildPhase section */

/* Begin PBXGroup section */
		4F29FE6B2B99E85700DB0C8E /* Extensions */ = {
			isa = PBXGroup;
			children = (
				4F29FE652B983A8B00DB0C8E /* UIFont+Extension.swift */,
				4F29FE9E2BA381C300DB0C8E /* UIImageView+Extension.swift */,
				4F29FE632B98369400DB0C8E /* UIColor+Extension.swift */,
			);
			path = Extensions;
			sourceTree = "<group>";
		};
		4F29FE7A2BA1DAEB00DB0C8E /* Network Service Layer */ = {
			isa = PBXGroup;
			children = (
				4F29FEA02BA3AAA700DB0C8E /* Proxy.swift */,
				4F29FE7F2BA1DC6300DB0C8E /* HitsDTO.swift */,
				4F29FE812BA1DC7600DB0C8E /* HitDTO.swift */,
				4F29FE932BA1DE3D00DB0C8E /* NutrientsDTO.swift */,
				4F29FE912BA1DE1600DB0C8E /* TotalDTO.swift */,
				4F29FE8F2BA1DDFD00DB0C8E /* IngredientDTO.swift */,
				4F29FE8D2BA1DD8400DB0C8E /* ImageDTO.swift */,
				4F29FE8B2BA1DD2100DB0C8E /* DishType.swift */,
				4F29FE892BA1DCEB00DB0C8E /* UnitDTO.swift */,
				4F29FE872BA1DCCF00DB0C8E /* LabelDTO.swift */,
				4F29FE852BA1DCAA00DB0C8E /* DigestDTO.swift */,
				4F29FE832BA1DC8F00DB0C8E /* RecipeDTO.swift */,
				4F29FE982BA2417000DB0C8E /* ResultDecoder.swift */,
				4F29FE962BA23E1300DB0C8E /* URLSession+Extension.swift */,
				4F29FE762BA0CB9500DB0C8E /* NetworkService.swift */,
				4F29FE9A2BA25EC500DB0C8E /* NetworkService+Extension.swift */,
			);
			path = "Network Service Layer";
			sourceTree = "<group>";
		};
		4F9AB04B2B8E1968000544DD /* Favorites */ = {
			isa = PBXGroup;
			children = (
				4F9AB0472B8E184C000544DD /* FavoritesViewController.swift */,
				4F9AB0452B8E1821000544DD /* FavoritesPresenter.swift */,
				4F9AB04C2B8E199E000544DD /* FavoritesModel.swift */,
			);
			path = Favorites;
			sourceTree = "<group>";
		};
		4F9AB04E2B8E63D5000544DD /* Profile Module */ = {
			isa = PBXGroup;
			children = (
				4FE755AF2B8D091400C67B8A /* ProfileViewController.swift */,
				4FE755B42B8D09CC00C67B8A /* ProfilePresenter.swift */,
				4FE755B22B8D09BD00C67B8A /* ProfileModel.swift */,
				4F9AB0512B8E642E000544DD /* Cells */,
			);
			path = "Profile Module";
			sourceTree = "<group>";
		};
		4F9AB0512B8E642E000544DD /* Cells */ = {
			isa = PBXGroup;
			children = (
				4F9AB04F2B8E641A000544DD /* HeaderTableViewCell.swift */,
				4F9AB0522B8E809C000544DD /* OptionsTableViewCell.swift */,
			);
			path = Cells;
			sourceTree = "<group>";
		};
		4FB15BE62B8EC1D700FA2EFA /* Bonuses Module */ = {
			isa = PBXGroup;
			children = (
				4F9AB0542B8EB9C5000544DD /* BonusesViewController.swift */,
				4FB15BE72B8EC23400FA2EFA /* BonusesPresenter.swift */,
			);
			path = "Bonuses Module";
			sourceTree = "<group>";
		};
		4FB15BF32B90C70200FA2EFA /* Recipe List Module */ = {
			isa = PBXGroup;
			children = (
				4FB15BEF2B90C5F500FA2EFA /* RecipeListView.swift */,
				4FB15BF42B90C7F700FA2EFA /* RecipeListPresenter.swift */,
				4F29FE672B98E80400DB0C8E /* RecipeListPresenter+Extension.swift */,
				4FB15BF62B90C80300FA2EFA /* RecipeListModel.swift */,
				4FB15BF82B90D7DE00FA2EFA /* RecipeTableViewCell.swift */,
				4FB15BFA2B911D4400FA2EFA /* UIControl FilterButton.swift */,
				4F29FE612B979CD800DB0C8E /* SkeletonTableViewCell.swift */,
			);
			path = "Recipe List Module";
			sourceTree = "<group>";
		};
		4FE755842B8D036100C67B8A = {
			isa = PBXGroup;
			children = (
				4FE7558F2B8D036100C67B8A /* RMv4_Recipely */,
				4FE7558E2B8D036100C67B8A /* Products */,
			);
			sourceTree = "<group>";
		};
		4FE7558E2B8D036100C67B8A /* Products */ = {
			isa = PBXGroup;
			children = (
				4FE7558D2B8D036100C67B8A /* RMv4_Recipely.app */,
			);
			name = Products;
			sourceTree = "<group>";
		};
		4FE7558F2B8D036100C67B8A /* RMv4_Recipely */ = {
			isa = PBXGroup;
			children = (
				4F29FEA42BA3CD3F00DB0C8E /* CacheService.swift */,
				4F29FE7B2BA1DBE000DB0C8E /* ShortRecipe.swift */,
				4F29FE7D2BA1DC0500DB0C8E /* FullRecipe.swift */,
				4FE755902B8D036100C67B8A /* AppDelegate.swift */,
				4FE755922B8D036100C67B8A /* SceneDelegate.swift */,
				4FE755A82B8D07DE00C67B8A /* TabBarController.swift */,
				4FE755E02B8D5EFB00C67B8A /* AppBuilder.swift */,
				4F29FE692B99E83E00DB0C8E /* UserDefaultsService.swift */,
				6F5B0A812B9CE75800F138AF /* FavoriteService.swift */,
				4F29FE7A2BA1DAEB00DB0C8E /* Network Service Layer */,
				4FE755AA2B8D088C00C67B8A /* Authorization */,
				6F5B0A3C2B9AF61700F138AF /* Log */,
				4FE755EB2B8D610300C67B8A /* Recipes */,
				4F9AB04B2B8E1968000544DD /* Favorites */,
				4FE755B12B8D091B00C67B8A /* User Info */,
				4FE755DD2B8D440800C67B8A /* Coordinators */,
				4F29FE6B2B99E85700DB0C8E /* Extensions */,
				4FE755992B8D036300C67B8A /* Assets.xcassets */,
				4FE7559B2B8D036300C67B8A /* LaunchScreen.storyboard */,
				4FE7559E2B8D036300C67B8A /* Info.plist */,
			);
			path = RMv4_Recipely;
			sourceTree = "<group>";
		};
		4FE755AA2B8D088C00C67B8A /* Authorization */ = {
			isa = PBXGroup;
			children = (
				4FE755942B8D036100C67B8A /* AuthViewController.swift */,
				4FE755AD2B8D08AC00C67B8A /* AuthPresenter.swift */,
				4FE755AB2B8D089F00C67B8A /* AuthModel.swift */,
			);
			path = Authorization;
			sourceTree = "<group>";
		};
		4FE755B12B8D091B00C67B8A /* User Info */ = {
			isa = PBXGroup;
			children = (
				4F9AB04E2B8E63D5000544DD /* Profile Module */,
				4FB15BE62B8EC1D700FA2EFA /* Bonuses Module */,
				6FC9607C2B96131A002717A1 /* TermsOfUse */,
			);
			path = "User Info";
			sourceTree = "<group>";
		};
		4FE755DD2B8D440800C67B8A /* Coordinators */ = {
			isa = PBXGroup;
			children = (
				4FE755DB2B8D43F900C67B8A /* BaseCoordinator.swift */,
				4FE755DE2B8D5B4700C67B8A /* AppCoordinator.swift */,
				4FE755EC2B8D63EF00C67B8A /* AuthCoordinator.swift */,
				4FE755F02B8D733100C67B8A /* RecipesCoordinator.swift */,
				4FE755EE2B8D6D6E00C67B8A /* ProfileCoordinator.swift */,
				4F9AB0492B8E18CE000544DD /* FavoritesCoordinator.swift */,
			);
			path = Coordinators;
			sourceTree = "<group>";
		};
		4FE755EB2B8D610300C67B8A /* Recipes */ = {
			isa = PBXGroup;
			children = (
				4F29FE9C2BA2FA2200DB0C8E /* State.swift */,
				4FB15BFE2B91BDB400FA2EFA /* RecipesViewController.swift */,
				4FB15BFC2B91BD9700FA2EFA /* RecipesPresenter.swift */,
				6FD556372B90BCF400630E17 /* RecipesCustomCell.swift */,
				4F29FE5F2B97503000DB0C8E /* RecipesSkeletonCell.swift */,
				6FD5563B2B91284200630E17 /* InformationSource.swift */,
				6FD556392B91020B00630E17 /* RecipesCategories.swift */,
				6FD5563D2B91289100630E17 /* DishCategory.swift */,
				4FB15BF32B90C70200FA2EFA /* Recipe List Module */,
				6FEE418D2B93394B000EDE80 /* Detail */,
				4F29FEA22BA3AD4A00DB0C8E /* ErrorView.swift */,
				4F29FEA82BA462C000DB0C8E /* EmptyResultView.swift */,
			);
			path = Recipes;
			sourceTree = "<group>";
		};
		6F5B0A3C2B9AF61700F138AF /* Log */ = {
			isa = PBXGroup;
			children = (
				6F5B0A312B9AF5DB00F138AF /* Command.swift */,
				6F5B0A332B9AF5E100F138AF /* Receiver.swift */,
				6F5B0A352B9AF5E400F138AF /* LoggerManager.swift */,
				6F5B0A372B9AF5E700F138AF /* Invoker.swift */,
				6F5B0A392B9AF5EE00F138AF /* LogAction.swift */,
			);
			name = Log;
			path = Authorization/Log;
			sourceTree = "<group>";
		};
		6FC9607C2B96131A002717A1 /* TermsOfUse */ = {
			isa = PBXGroup;
			children = (
				6FC9607D2B961360002717A1 /* TermsOfUseView.swift */,
				6FC9607F2B9613AC002717A1 /* TermsOfUsePresenter.swift */,
			);
			path = TermsOfUse;
			sourceTree = "<group>";
		};
		6FEE418D2B93394B000EDE80 /* Detail */ = {
			isa = PBXGroup;
			children = (
				6FEE418E2B933982000EDE80 /* RecipeDetailView.swift */,
				6FEE41922B9385E8000EDE80 /* TitleTableViewCell.swift */,
				4F29FEA62BA3E44000DB0C8E /* ErrorTableViewCell.swift */,
				6FEE41942B938792000EDE80 /* CharacteristicsTableViewCell.swift */,
				6FEE41962B9388F9000EDE80 /* FullDescriptionTableViewCell.swift */,
				6FEE41902B934456000EDE80 /* RecipeDetailPresenter.swift */,
				4F29FEAA2BA46E2C00DB0C8E /* EmptyResultTableViewCell.swift */,
			);
			path = Detail;
			sourceTree = "<group>";
		};
/* End PBXGroup section */

/* Begin PBXNativeTarget section */
		4FE7558C2B8D036100C67B8A /* RMv4_Recipely */ = {
			isa = PBXNativeTarget;
			buildConfigurationList = 4FE755A12B8D036300C67B8A /* Build configuration list for PBXNativeTarget "RMv4_Recipely" */;
			buildPhases = (
				4FE755A52B8D044500C67B8A /* SwiftFormat */,
				4FE755A42B8D03BC00C67B8A /* SwiftLint */,
				4FE755892B8D036100C67B8A /* Sources */,
				4FE7558A2B8D036100C67B8A /* Frameworks */,
				4FE7558B2B8D036100C67B8A /* Resources */,
			);
			buildRules = (
			);
			dependencies = (
			);
			name = RMv4_Recipely;
			productName = RMv4_Recipely;
			productReference = 4FE7558D2B8D036100C67B8A /* RMv4_Recipely.app */;
			productType = "com.apple.product-type.application";
		};
/* End PBXNativeTarget section */

/* Begin PBXProject section */
		4FE755852B8D036100C67B8A /* Project object */ = {
			isa = PBXProject;
			attributes = {
				BuildIndependentTargetsInParallel = 1;
				LastSwiftUpdateCheck = 1510;
				LastUpgradeCheck = 1510;
				TargetAttributes = {
					4FE7558C2B8D036100C67B8A = {
						CreatedOnToolsVersion = 15.1;
					};
				};
			};
			buildConfigurationList = 4FE755882B8D036100C67B8A /* Build configuration list for PBXProject "RMv4_Recipely" */;
			compatibilityVersion = "Xcode 14.0";
			developmentRegion = en;
			hasScannedForEncodings = 0;
			knownRegions = (
				en,
				Base,
			);
			mainGroup = 4FE755842B8D036100C67B8A;
			productRefGroup = 4FE7558E2B8D036100C67B8A /* Products */;
			projectDirPath = "";
			projectRoot = "";
			targets = (
				4FE7558C2B8D036100C67B8A /* RMv4_Recipely */,
			);
		};
/* End PBXProject section */

/* Begin PBXResourcesBuildPhase section */
		4FE7558B2B8D036100C67B8A /* Resources */ = {
			isa = PBXResourcesBuildPhase;
			buildActionMask = 2147483647;
			files = (
				4FE7559D2B8D036300C67B8A /* LaunchScreen.storyboard in Resources */,
				4FE7559A2B8D036300C67B8A /* Assets.xcassets in Resources */,
			);
			runOnlyForDeploymentPostprocessing = 0;
		};
/* End PBXResourcesBuildPhase section */

/* Begin PBXShellScriptBuildPhase section */
		4FE755A42B8D03BC00C67B8A /* SwiftLint */ = {
			isa = PBXShellScriptBuildPhase;
			alwaysOutOfDate = 1;
			buildActionMask = 2147483647;
			files = (
			);
			inputFileListPaths = (
			);
			inputPaths = (
			);
			name = SwiftLint;
			outputFileListPaths = (
			);
			outputPaths = (
			);
			runOnlyForDeploymentPostprocessing = 0;
			shellPath = /bin/sh;
			shellScript = "if [[ \"$(uname -m)\" == arm64 ]]; then\nexport PATH=\"/opt/homebrew/bin:$PATH\"\nfi\nif which swiftlint > /dev/null; then\nswiftlint\nelse\necho \"warning: SwiftLint not installed, download from https://github.com/realm/SwiftLint\"\nfi\n";
			showEnvVarsInLog = 0;
		};
		4FE755A52B8D044500C67B8A /* SwiftFormat */ = {
			isa = PBXShellScriptBuildPhase;
			alwaysOutOfDate = 1;
			buildActionMask = 2147483647;
			files = (
			);
			inputFileListPaths = (
			);
			inputPaths = (
			);
			name = SwiftFormat;
			outputFileListPaths = (
			);
			outputPaths = (
			);
			runOnlyForDeploymentPostprocessing = 0;
			shellPath = /bin/sh;
			shellScript = "if [[ \"$(uname -m)\" == arm64 ]]; then\n    export PATH=\"/opt/homebrew/bin:$PATH\"\nfi\n\nif which swiftformat > /dev/null; then\n  swiftformat .\nelse\n  echo \"warning: SwiftFormat not installed, download from https://github.com/nicklockwood/SwiftFormat\"\nfi\n";
			showEnvVarsInLog = 0;
		};
/* End PBXShellScriptBuildPhase section */

/* Begin PBXSourcesBuildPhase section */
		4FE755892B8D036100C67B8A /* Sources */ = {
			isa = PBXSourcesBuildPhase;
			buildActionMask = 2147483647;
			files = (
				4F29FE922BA1DE1600DB0C8E /* TotalDTO.swift in Sources */,
				4FE755DF2B8D5B4700C67B8A /* AppCoordinator.swift in Sources */,
				4F29FEAB2BA46E2C00DB0C8E /* EmptyResultTableViewCell.swift in Sources */,
				6FD5563E2B91289100630E17 /* DishCategory.swift in Sources */,
				4F29FE9F2BA381C300DB0C8E /* UIImageView+Extension.swift in Sources */,
				4F9AB04A2B8E18CE000544DD /* FavoritesCoordinator.swift in Sources */,
				4FE755AE2B8D08AC00C67B8A /* AuthPresenter.swift in Sources */,
				4F29FE972BA23E1300DB0C8E /* URLSession+Extension.swift in Sources */,
				4F29FE682B98E80400DB0C8E /* RecipeListPresenter+Extension.swift in Sources */,
				4FE755DC2B8D43F900C67B8A /* BaseCoordinator.swift in Sources */,
				6FC9607E2B961360002717A1 /* TermsOfUseView.swift in Sources */,
				4F29FE862BA1DCAA00DB0C8E /* DigestDTO.swift in Sources */,
				4F29FE8A2BA1DCEB00DB0C8E /* UnitDTO.swift in Sources */,
				4F9AB0462B8E1821000544DD /* FavoritesPresenter.swift in Sources */,
				4F9AB04D2B8E199E000544DD /* FavoritesModel.swift in Sources */,
				4F29FE802BA1DC6300DB0C8E /* HitsDTO.swift in Sources */,
				4FE755E12B8D5EFB00C67B8A /* AppBuilder.swift in Sources */,
				6F5B0A362B9AF5E400F138AF /* LoggerManager.swift in Sources */,
				4FE755F12B8D733100C67B8A /* RecipesCoordinator.swift in Sources */,
				4F29FE662B983A8B00DB0C8E /* UIFont+Extension.swift in Sources */,
				6FEE41972B9388F9000EDE80 /* FullDescriptionTableViewCell.swift in Sources */,
				4FE755EF2B8D6D6E00C67B8A /* ProfileCoordinator.swift in Sources */,
				4FE755B02B8D091400C67B8A /* ProfileViewController.swift in Sources */,
				4F29FE8C2BA1DD2100DB0C8E /* DishType.swift in Sources */,
				4F29FE8E2BA1DD8400DB0C8E /* ImageDTO.swift in Sources */,
				4F29FE7C2BA1DBE000DB0C8E /* ShortRecipe.swift in Sources */,
				4F29FEA52BA3CD3F00DB0C8E /* CacheService.swift in Sources */,
				4F29FE602B97503000DB0C8E /* RecipesSkeletonCell.swift in Sources */,
				4FB15BF02B90C5F500FA2EFA /* RecipeListView.swift in Sources */,
				4FE755ED2B8D63EF00C67B8A /* AuthCoordinator.swift in Sources */,
				4FE755B32B8D09BD00C67B8A /* ProfileModel.swift in Sources */,
				4F29FE902BA1DDFD00DB0C8E /* IngredientDTO.swift in Sources */,
				6FEE41952B938792000EDE80 /* CharacteristicsTableViewCell.swift in Sources */,
				4F29FE7E2BA1DC0600DB0C8E /* FullRecipe.swift in Sources */,
				6FD556382B90BCF400630E17 /* RecipesCustomCell.swift in Sources */,
				4FE755952B8D036100C67B8A /* AuthViewController.swift in Sources */,
				4FE755AC2B8D089F00C67B8A /* AuthModel.swift in Sources */,
				4FE755A92B8D07DE00C67B8A /* TabBarController.swift in Sources */,
				4FE755912B8D036100C67B8A /* AppDelegate.swift in Sources */,
				4F29FE882BA1DCCF00DB0C8E /* LabelDTO.swift in Sources */,
				6F5B0A822B9CE75800F138AF /* FavoriteService.swift in Sources */,
				4F29FEA72BA3E44000DB0C8E /* ErrorTableViewCell.swift in Sources */,
				4F29FEA32BA3AD4A00DB0C8E /* ErrorView.swift in Sources */,
				4FB15BE82B8EC23400FA2EFA /* BonusesPresenter.swift in Sources */,
				4FE755932B8D036100C67B8A /* SceneDelegate.swift in Sources */,
				6FEE418F2B933982000EDE80 /* RecipeDetailView.swift in Sources */,
				4F29FEA12BA3AAA700DB0C8E /* Proxy.swift in Sources */,
				4F29FE842BA1DC8F00DB0C8E /* RecipeDTO.swift in Sources */,
				4FB15BF92B90D7DE00FA2EFA /* RecipeTableViewCell.swift in Sources */,
				4FB15BF52B90C7F700FA2EFA /* RecipeListPresenter.swift in Sources */,
				4F29FE622B979CD800DB0C8E /* SkeletonTableViewCell.swift in Sources */,
				4F29FE992BA2417000DB0C8E /* ResultDecoder.swift in Sources */,
				6FD5563C2B91284200630E17 /* InformationSource.swift in Sources */,
				4F29FEA92BA462C000DB0C8E /* EmptyResultView.swift in Sources */,
				6FC960802B9613AC002717A1 /* TermsOfUsePresenter.swift in Sources */,
				4F9AB0532B8E809C000544DD /* OptionsTableViewCell.swift in Sources */,
				4FB15BFB2B911D4400FA2EFA /* UIControl FilterButton.swift in Sources */,
				4FB15BFF2B91BDB400FA2EFA /* RecipesViewController.swift in Sources */,
				4F29FE6A2B99E83E00DB0C8E /* UserDefaultsService.swift in Sources */,
				6F5B0A382B9AF5E700F138AF /* Invoker.swift in Sources */,
				4F29FE942BA1DE3D00DB0C8E /* NutrientsDTO.swift in Sources */,
				4F29FE772BA0CB9500DB0C8E /* NetworkService.swift in Sources */,
				4F9AB0552B8EB9C5000544DD /* BonusesViewController.swift in Sources */,
				4F29FE642B98369400DB0C8E /* UIColor+Extension.swift in Sources */,
				4F9AB0482B8E184C000544DD /* FavoritesViewController.swift in Sources */,
				4F9AB0502B8E641A000544DD /* HeaderTableViewCell.swift in Sources */,
				6F5B0A322B9AF5DB00F138AF /* Command.swift in Sources */,
				4F29FE9B2BA25EC500DB0C8E /* NetworkService+Extension.swift in Sources */,
				4FB15BF72B90C80300FA2EFA /* RecipeListModel.swift in Sources */,
				6F5B0A342B9AF5E100F138AF /* Receiver.swift in Sources */,
				4F29FE822BA1DC7600DB0C8E /* HitDTO.swift in Sources */,
				4FB15BFD2B91BD9700FA2EFA /* RecipesPresenter.swift in Sources */,
				4F29FE9D2BA2FA2200DB0C8E /* State.swift in Sources */,
				4FE755B52B8D09CD00C67B8A /* ProfilePresenter.swift in Sources */,
				6FD5563A2B91020B00630E17 /* RecipesCategories.swift in Sources */,
				6FEE41932B9385E8000EDE80 /* TitleTableViewCell.swift in Sources */,
				6F5B0A3A2B9AF5EE00F138AF /* LogAction.swift in Sources */,
				6FEE41912B934456000EDE80 /* RecipeDetailPresenter.swift in Sources */,
			);
			runOnlyForDeploymentPostprocessing = 0;
		};
/* End PBXSourcesBuildPhase section */

/* Begin PBXVariantGroup section */
		4FE7559B2B8D036300C67B8A /* LaunchScreen.storyboard */ = {
			isa = PBXVariantGroup;
			children = (
				4FE7559C2B8D036300C67B8A /* Base */,
			);
			name = LaunchScreen.storyboard;
			sourceTree = "<group>";
		};
/* End PBXVariantGroup section */

/* Begin XCBuildConfiguration section */
		4FE7559F2B8D036300C67B8A /* Debug */ = {
			isa = XCBuildConfiguration;
			buildSettings = {
				ALWAYS_SEARCH_USER_PATHS = NO;
				ASSETCATALOG_COMPILER_GENERATE_SWIFT_ASSET_SYMBOL_EXTENSIONS = YES;
				CLANG_ANALYZER_NONNULL = YES;
				CLANG_ANALYZER_NUMBER_OBJECT_CONVERSION = YES_AGGRESSIVE;
				CLANG_CXX_LANGUAGE_STANDARD = "gnu++20";
				CLANG_ENABLE_MODULES = YES;
				CLANG_ENABLE_OBJC_ARC = YES;
				CLANG_ENABLE_OBJC_WEAK = YES;
				CLANG_WARN_BLOCK_CAPTURE_AUTORELEASING = YES;
				CLANG_WARN_BOOL_CONVERSION = YES;
				CLANG_WARN_COMMA = YES;
				CLANG_WARN_CONSTANT_CONVERSION = YES;
				CLANG_WARN_DEPRECATED_OBJC_IMPLEMENTATIONS = YES;
				CLANG_WARN_DIRECT_OBJC_ISA_USAGE = YES_ERROR;
				CLANG_WARN_DOCUMENTATION_COMMENTS = YES;
				CLANG_WARN_EMPTY_BODY = YES;
				CLANG_WARN_ENUM_CONVERSION = YES;
				CLANG_WARN_INFINITE_RECURSION = YES;
				CLANG_WARN_INT_CONVERSION = YES;
				CLANG_WARN_NON_LITERAL_NULL_CONVERSION = YES;
				CLANG_WARN_OBJC_IMPLICIT_RETAIN_SELF = YES;
				CLANG_WARN_OBJC_LITERAL_CONVERSION = YES;
				CLANG_WARN_OBJC_ROOT_CLASS = YES_ERROR;
				CLANG_WARN_QUOTED_INCLUDE_IN_FRAMEWORK_HEADER = YES;
				CLANG_WARN_RANGE_LOOP_ANALYSIS = YES;
				CLANG_WARN_STRICT_PROTOTYPES = YES;
				CLANG_WARN_SUSPICIOUS_MOVE = YES;
				CLANG_WARN_UNGUARDED_AVAILABILITY = YES_AGGRESSIVE;
				CLANG_WARN_UNREACHABLE_CODE = YES;
				CLANG_WARN__DUPLICATE_METHOD_MATCH = YES;
				COPY_PHASE_STRIP = NO;
				DEBUG_INFORMATION_FORMAT = dwarf;
				ENABLE_STRICT_OBJC_MSGSEND = YES;
				ENABLE_TESTABILITY = YES;
				ENABLE_USER_SCRIPT_SANDBOXING = YES;
				GCC_C_LANGUAGE_STANDARD = gnu17;
				GCC_DYNAMIC_NO_PIC = NO;
				GCC_NO_COMMON_BLOCKS = YES;
				GCC_OPTIMIZATION_LEVEL = 0;
				GCC_PREPROCESSOR_DEFINITIONS = (
					"DEBUG=1",
					"$(inherited)",
				);
				GCC_WARN_64_TO_32_BIT_CONVERSION = YES;
				GCC_WARN_ABOUT_RETURN_TYPE = YES_ERROR;
				GCC_WARN_UNDECLARED_SELECTOR = YES;
				GCC_WARN_UNINITIALIZED_AUTOS = YES_AGGRESSIVE;
				GCC_WARN_UNUSED_FUNCTION = YES;
				GCC_WARN_UNUSED_VARIABLE = YES;
				IPHONEOS_DEPLOYMENT_TARGET = 17.2;
				LOCALIZATION_PREFERS_STRING_CATALOGS = YES;
				MTL_ENABLE_DEBUG_INFO = INCLUDE_SOURCE;
				MTL_FAST_MATH = YES;
				ONLY_ACTIVE_ARCH = YES;
				SDKROOT = iphoneos;
				SWIFT_ACTIVE_COMPILATION_CONDITIONS = "DEBUG $(inherited)";
				SWIFT_OPTIMIZATION_LEVEL = "-Onone";
			};
			name = Debug;
		};
		4FE755A02B8D036300C67B8A /* Release */ = {
			isa = XCBuildConfiguration;
			buildSettings = {
				ALWAYS_SEARCH_USER_PATHS = NO;
				ASSETCATALOG_COMPILER_GENERATE_SWIFT_ASSET_SYMBOL_EXTENSIONS = YES;
				CLANG_ANALYZER_NONNULL = YES;
				CLANG_ANALYZER_NUMBER_OBJECT_CONVERSION = YES_AGGRESSIVE;
				CLANG_CXX_LANGUAGE_STANDARD = "gnu++20";
				CLANG_ENABLE_MODULES = YES;
				CLANG_ENABLE_OBJC_ARC = YES;
				CLANG_ENABLE_OBJC_WEAK = YES;
				CLANG_WARN_BLOCK_CAPTURE_AUTORELEASING = YES;
				CLANG_WARN_BOOL_CONVERSION = YES;
				CLANG_WARN_COMMA = YES;
				CLANG_WARN_CONSTANT_CONVERSION = YES;
				CLANG_WARN_DEPRECATED_OBJC_IMPLEMENTATIONS = YES;
				CLANG_WARN_DIRECT_OBJC_ISA_USAGE = YES_ERROR;
				CLANG_WARN_DOCUMENTATION_COMMENTS = YES;
				CLANG_WARN_EMPTY_BODY = YES;
				CLANG_WARN_ENUM_CONVERSION = YES;
				CLANG_WARN_INFINITE_RECURSION = YES;
				CLANG_WARN_INT_CONVERSION = YES;
				CLANG_WARN_NON_LITERAL_NULL_CONVERSION = YES;
				CLANG_WARN_OBJC_IMPLICIT_RETAIN_SELF = YES;
				CLANG_WARN_OBJC_LITERAL_CONVERSION = YES;
				CLANG_WARN_OBJC_ROOT_CLASS = YES_ERROR;
				CLANG_WARN_QUOTED_INCLUDE_IN_FRAMEWORK_HEADER = YES;
				CLANG_WARN_RANGE_LOOP_ANALYSIS = YES;
				CLANG_WARN_STRICT_PROTOTYPES = YES;
				CLANG_WARN_SUSPICIOUS_MOVE = YES;
				CLANG_WARN_UNGUARDED_AVAILABILITY = YES_AGGRESSIVE;
				CLANG_WARN_UNREACHABLE_CODE = YES;
				CLANG_WARN__DUPLICATE_METHOD_MATCH = YES;
				COPY_PHASE_STRIP = NO;
				DEBUG_INFORMATION_FORMAT = "dwarf-with-dsym";
				ENABLE_NS_ASSERTIONS = NO;
				ENABLE_STRICT_OBJC_MSGSEND = YES;
				ENABLE_USER_SCRIPT_SANDBOXING = YES;
				GCC_C_LANGUAGE_STANDARD = gnu17;
				GCC_NO_COMMON_BLOCKS = YES;
				GCC_WARN_64_TO_32_BIT_CONVERSION = YES;
				GCC_WARN_ABOUT_RETURN_TYPE = YES_ERROR;
				GCC_WARN_UNDECLARED_SELECTOR = YES;
				GCC_WARN_UNINITIALIZED_AUTOS = YES_AGGRESSIVE;
				GCC_WARN_UNUSED_FUNCTION = YES;
				GCC_WARN_UNUSED_VARIABLE = YES;
				IPHONEOS_DEPLOYMENT_TARGET = 17.2;
				LOCALIZATION_PREFERS_STRING_CATALOGS = YES;
				MTL_ENABLE_DEBUG_INFO = NO;
				MTL_FAST_MATH = YES;
				SDKROOT = iphoneos;
				SWIFT_COMPILATION_MODE = wholemodule;
				VALIDATE_PRODUCT = YES;
			};
			name = Release;
		};
		4FE755A22B8D036300C67B8A /* Debug */ = {
			isa = XCBuildConfiguration;
			buildSettings = {
				ASSETCATALOG_COMPILER_APPICON_NAME = AppIcon;
				ASSETCATALOG_COMPILER_GLOBAL_ACCENT_COLOR_NAME = AccentColor;
				CODE_SIGN_STYLE = Automatic;
				CURRENT_PROJECT_VERSION = 1;
				ENABLE_USER_SCRIPT_SANDBOXING = NO;
				GENERATE_INFOPLIST_FILE = YES;
				INFOPLIST_FILE = RMv4_Recipely/Info.plist;
				INFOPLIST_KEY_UIApplicationSupportsIndirectInputEvents = YES;
				INFOPLIST_KEY_UILaunchStoryboardName = LaunchScreen;
				INFOPLIST_KEY_UISupportedInterfaceOrientations_iPad = "UIInterfaceOrientationPortrait UIInterfaceOrientationPortraitUpsideDown UIInterfaceOrientationLandscapeLeft UIInterfaceOrientationLandscapeRight";
				INFOPLIST_KEY_UISupportedInterfaceOrientations_iPhone = "UIInterfaceOrientationPortrait UIInterfaceOrientationLandscapeLeft UIInterfaceOrientationLandscapeRight";
				LD_RUNPATH_SEARCH_PATHS = (
					"$(inherited)",
					"@executable_path/Frameworks",
				);
				MARKETING_VERSION = 1.0;
				PRODUCT_BUNDLE_IDENTIFIER = "RMv4.RMv4-Recipely";
				PRODUCT_NAME = "$(TARGET_NAME)";
				SWIFT_EMIT_LOC_STRINGS = YES;
				SWIFT_VERSION = 5.0;
				TARGETED_DEVICE_FAMILY = "1,2";
			};
			name = Debug;
		};
		4FE755A32B8D036300C67B8A /* Release */ = {
			isa = XCBuildConfiguration;
			buildSettings = {
				ASSETCATALOG_COMPILER_APPICON_NAME = AppIcon;
				ASSETCATALOG_COMPILER_GLOBAL_ACCENT_COLOR_NAME = AccentColor;
				CODE_SIGN_STYLE = Automatic;
				CURRENT_PROJECT_VERSION = 1;
				ENABLE_USER_SCRIPT_SANDBOXING = NO;
				GENERATE_INFOPLIST_FILE = YES;
				INFOPLIST_FILE = RMv4_Recipely/Info.plist;
				INFOPLIST_KEY_UIApplicationSupportsIndirectInputEvents = YES;
				INFOPLIST_KEY_UILaunchStoryboardName = LaunchScreen;
				INFOPLIST_KEY_UISupportedInterfaceOrientations_iPad = "UIInterfaceOrientationPortrait UIInterfaceOrientationPortraitUpsideDown UIInterfaceOrientationLandscapeLeft UIInterfaceOrientationLandscapeRight";
				INFOPLIST_KEY_UISupportedInterfaceOrientations_iPhone = "UIInterfaceOrientationPortrait UIInterfaceOrientationLandscapeLeft UIInterfaceOrientationLandscapeRight";
				LD_RUNPATH_SEARCH_PATHS = (
					"$(inherited)",
					"@executable_path/Frameworks",
				);
				MARKETING_VERSION = 1.0;
				PRODUCT_BUNDLE_IDENTIFIER = "RMv4.RMv4-Recipely";
				PRODUCT_NAME = "$(TARGET_NAME)";
				SWIFT_EMIT_LOC_STRINGS = YES;
				SWIFT_VERSION = 5.0;
				TARGETED_DEVICE_FAMILY = "1,2";
			};
			name = Release;
		};
/* End XCBuildConfiguration section */

/* Begin XCConfigurationList section */
		4FE755882B8D036100C67B8A /* Build configuration list for PBXProject "RMv4_Recipely" */ = {
			isa = XCConfigurationList;
			buildConfigurations = (
				4FE7559F2B8D036300C67B8A /* Debug */,
				4FE755A02B8D036300C67B8A /* Release */,
			);
			defaultConfigurationIsVisible = 0;
			defaultConfigurationName = Release;
		};
		4FE755A12B8D036300C67B8A /* Build configuration list for PBXNativeTarget "RMv4_Recipely" */ = {
			isa = XCConfigurationList;
			buildConfigurations = (
				4FE755A22B8D036300C67B8A /* Debug */,
				4FE755A32B8D036300C67B8A /* Release */,
			);
			defaultConfigurationIsVisible = 0;
			defaultConfigurationName = Release;
		};
/* End XCConfigurationList section */
	};
	rootObject = 4FE755852B8D036100C67B8A /* Project object */;
}
